// !$*UTF8*$!
{
	archiveVersion = 1;
	classes = {
	};
	objectVersion = 50;
	objects = {

/* Begin PBXBuildFile section */
		32AFED5C24D7DCE300D0FB55 /* AppDelegate.swift in Sources */ = {isa = PBXBuildFile; fileRef = 32AFED5B24D7DCE300D0FB55 /* AppDelegate.swift */; };
		32AFED5E24D7DCE300D0FB55 /* SceneDelegate.swift in Sources */ = {isa = PBXBuildFile; fileRef = 32AFED5D24D7DCE300D0FB55 /* SceneDelegate.swift */; };
		32AFED6024D7DCE300D0FB55 /* ViewController.swift in Sources */ = {isa = PBXBuildFile; fileRef = 32AFED5F24D7DCE300D0FB55 /* ViewController.swift */; };
		32AFED6324D7DCE300D0FB55 /* Main.storyboard in Resources */ = {isa = PBXBuildFile; fileRef = 32AFED6124D7DCE300D0FB55 /* Main.storyboard */; };
		32AFED6524D7DCE400D0FB55 /* Assets.xcassets in Resources */ = {isa = PBXBuildFile; fileRef = 32AFED6424D7DCE400D0FB55 /* Assets.xcassets */; };
		32AFED6824D7DCE400D0FB55 /* LaunchScreen.storyboard in Resources */ = {isa = PBXBuildFile; fileRef = 32AFED6624D7DCE400D0FB55 /* LaunchScreen.storyboard */; };
		32AFED7324D7DCE400D0FB55 /* FlutterBoostDemo_swiftTests.swift in Sources */ = {isa = PBXBuildFile; fileRef = 32AFED7224D7DCE400D0FB55 /* FlutterBoostDemo_swiftTests.swift */; };
		32AFED7E24D7DCE400D0FB55 /* FlutterBoostDemo_swiftUITests.swift in Sources */ = {isa = PBXBuildFile; fileRef = 32AFED7D24D7DCE400D0FB55 /* FlutterBoostDemo_swiftUITests.swift */; };
		958EA70ACB9093B128ADFC33 /* Pods_FlutterBoostDemo_swift_FlutterBoostDemo_swiftUITests.framework in Frameworks */ = {isa = PBXBuildFile; fileRef = C0EEC70FE99E057C54B57B40 /* Pods_FlutterBoostDemo_swift_FlutterBoostDemo_swiftUITests.framework */; };
		E8057AE688482FC9A56D65D3 /* Pods_FlutterBoostDemo_swiftTests.framework in Frameworks */ = {isa = PBXBuildFile; fileRef = 57CD0858F6297749D43C0E8E /* Pods_FlutterBoostDemo_swiftTests.framework */; };
		E8584EF54F009178E42CC5A6 /* Pods_FlutterBoostDemo_swift.framework in Frameworks */ = {isa = PBXBuildFile; fileRef = 7DB9BBAD8E30639364A2FD96 /* Pods_FlutterBoostDemo_swift.framework */; };
/* End PBXBuildFile section */

/* Begin PBXContainerItemProxy section */
		32AFED6F24D7DCE400D0FB55 /* PBXContainerItemProxy */ = {
			isa = PBXContainerItemProxy;
			containerPortal = 32AFED5024D7DCE300D0FB55 /* Project object */;
			proxyType = 1;
			remoteGlobalIDString = 32AFED5724D7DCE300D0FB55;
			remoteInfo = FlutterBoostDemo_swift;
		};
		32AFED7A24D7DCE400D0FB55 /* PBXContainerItemProxy */ = {
			isa = PBXContainerItemProxy;
			containerPortal = 32AFED5024D7DCE300D0FB55 /* Project object */;
			proxyType = 1;
			remoteGlobalIDString = 32AFED5724D7DCE300D0FB55;
			remoteInfo = FlutterBoostDemo_swift;
		};
/* End PBXContainerItemProxy section */

/* Begin PBXFileReference section */
		1016016AEAD78425362C69FF /* Pods-FlutterBoostDemo_swiftTests.debug.xcconfig */ = {isa = PBXFileReference; includeInIndex = 1; lastKnownFileType = text.xcconfig; name = "Pods-FlutterBoostDemo_swiftTests.debug.xcconfig"; path = "Target Support Files/Pods-FlutterBoostDemo_swiftTests/Pods-FlutterBoostDemo_swiftTests.debug.xcconfig"; sourceTree = "<group>"; };
		32AFED5824D7DCE300D0FB55 /* FlutterBoostDemo_swift.app */ = {isa = PBXFileReference; explicitFileType = wrapper.application; includeInIndex = 0; path = FlutterBoostDemo_swift.app; sourceTree = BUILT_PRODUCTS_DIR; };
		32AFED5B24D7DCE300D0FB55 /* AppDelegate.swift */ = {isa = PBXFileReference; lastKnownFileType = sourcecode.swift; path = AppDelegate.swift; sourceTree = "<group>"; };
		32AFED5D24D7DCE300D0FB55 /* SceneDelegate.swift */ = {isa = PBXFileReference; lastKnownFileType = sourcecode.swift; path = SceneDelegate.swift; sourceTree = "<group>"; };
		32AFED5F24D7DCE300D0FB55 /* ViewController.swift */ = {isa = PBXFileReference; lastKnownFileType = sourcecode.swift; path = ViewController.swift; sourceTree = "<group>"; };
		32AFED6224D7DCE300D0FB55 /* Base */ = {isa = PBXFileReference; lastKnownFileType = file.storyboard; name = Base; path = Base.lproj/Main.storyboard; sourceTree = "<group>"; };
		32AFED6424D7DCE400D0FB55 /* Assets.xcassets */ = {isa = PBXFileReference; lastKnownFileType = folder.assetcatalog; path = Assets.xcassets; sourceTree = "<group>"; };
		32AFED6724D7DCE400D0FB55 /* Base */ = {isa = PBXFileReference; lastKnownFileType = file.storyboard; name = Base; path = Base.lproj/LaunchScreen.storyboard; sourceTree = "<group>"; };
		32AFED6924D7DCE400D0FB55 /* Info.plist */ = {isa = PBXFileReference; lastKnownFileType = text.plist.xml; path = Info.plist; sourceTree = "<group>"; };
		32AFED6E24D7DCE400D0FB55 /* FlutterBoostDemo_swiftTests.xctest */ = {isa = PBXFileReference; explicitFileType = wrapper.cfbundle; includeInIndex = 0; path = FlutterBoostDemo_swiftTests.xctest; sourceTree = BUILT_PRODUCTS_DIR; };
		32AFED7224D7DCE400D0FB55 /* FlutterBoostDemo_swiftTests.swift */ = {isa = PBXFileReference; lastKnownFileType = sourcecode.swift; path = FlutterBoostDemo_swiftTests.swift; sourceTree = "<group>"; };
		32AFED7424D7DCE400D0FB55 /* Info.plist */ = {isa = PBXFileReference; lastKnownFileType = text.plist.xml; path = Info.plist; sourceTree = "<group>"; };
		32AFED7924D7DCE400D0FB55 /* FlutterBoostDemo_swiftUITests.xctest */ = {isa = PBXFileReference; explicitFileType = wrapper.cfbundle; includeInIndex = 0; path = FlutterBoostDemo_swiftUITests.xctest; sourceTree = BUILT_PRODUCTS_DIR; };
		32AFED7D24D7DCE400D0FB55 /* FlutterBoostDemo_swiftUITests.swift */ = {isa = PBXFileReference; lastKnownFileType = sourcecode.swift; path = FlutterBoostDemo_swiftUITests.swift; sourceTree = "<group>"; };
		32AFED7F24D7DCE400D0FB55 /* Info.plist */ = {isa = PBXFileReference; lastKnownFileType = text.plist.xml; path = Info.plist; sourceTree = "<group>"; };
		57CD0858F6297749D43C0E8E /* Pods_FlutterBoostDemo_swiftTests.framework */ = {isa = PBXFileReference; explicitFileType = wrapper.framework; includeInIndex = 0; path = Pods_FlutterBoostDemo_swiftTests.framework; sourceTree = BUILT_PRODUCTS_DIR; };
		5B00B1CC64613FF23D80BB90 /* Pods-FlutterBoostDemo_swift-FlutterBoostDemo_swiftUITests.release.xcconfig */ = {isa = PBXFileReference; includeInIndex = 1; lastKnownFileType = text.xcconfig; name = "Pods-FlutterBoostDemo_swift-FlutterBoostDemo_swiftUITests.release.xcconfig"; path = "Target Support Files/Pods-FlutterBoostDemo_swift-FlutterBoostDemo_swiftUITests/Pods-FlutterBoostDemo_swift-FlutterBoostDemo_swiftUITests.release.xcconfig"; sourceTree = "<group>"; };
		7DB9BBAD8E30639364A2FD96 /* Pods_FlutterBoostDemo_swift.framework */ = {isa = PBXFileReference; explicitFileType = wrapper.framework; includeInIndex = 0; path = Pods_FlutterBoostDemo_swift.framework; sourceTree = BUILT_PRODUCTS_DIR; };
		83B1015CEB5C56CBA4590ABD /* Pods-FlutterBoostDemo_swift.release.xcconfig */ = {isa = PBXFileReference; includeInIndex = 1; lastKnownFileType = text.xcconfig; name = "Pods-FlutterBoostDemo_swift.release.xcconfig"; path = "Target Support Files/Pods-FlutterBoostDemo_swift/Pods-FlutterBoostDemo_swift.release.xcconfig"; sourceTree = "<group>"; };
		A5B954A53201420EE2C039D2 /* Pods-FlutterBoostDemo_swiftTests.release.xcconfig */ = {isa = PBXFileReference; includeInIndex = 1; lastKnownFileType = text.xcconfig; name = "Pods-FlutterBoostDemo_swiftTests.release.xcconfig"; path = "Target Support Files/Pods-FlutterBoostDemo_swiftTests/Pods-FlutterBoostDemo_swiftTests.release.xcconfig"; sourceTree = "<group>"; };
		C0EEC70FE99E057C54B57B40 /* Pods_FlutterBoostDemo_swift_FlutterBoostDemo_swiftUITests.framework */ = {isa = PBXFileReference; explicitFileType = wrapper.framework; includeInIndex = 0; path = Pods_FlutterBoostDemo_swift_FlutterBoostDemo_swiftUITests.framework; sourceTree = BUILT_PRODUCTS_DIR; };
		E4681B768B4E765A5FB5C692 /* Pods-FlutterBoostDemo_swift-FlutterBoostDemo_swiftUITests.debug.xcconfig */ = {isa = PBXFileReference; includeInIndex = 1; lastKnownFileType = text.xcconfig; name = "Pods-FlutterBoostDemo_swift-FlutterBoostDemo_swiftUITests.debug.xcconfig"; path = "Target Support Files/Pods-FlutterBoostDemo_swift-FlutterBoostDemo_swiftUITests/Pods-FlutterBoostDemo_swift-FlutterBoostDemo_swiftUITests.debug.xcconfig"; sourceTree = "<group>"; };
		F51668AD45D0CA7571D778C3 /* Pods-FlutterBoostDemo_swift.debug.xcconfig */ = {isa = PBXFileReference; includeInIndex = 1; lastKnownFileType = text.xcconfig; name = "Pods-FlutterBoostDemo_swift.debug.xcconfig"; path = "Target Support Files/Pods-FlutterBoostDemo_swift/Pods-FlutterBoostDemo_swift.debug.xcconfig"; sourceTree = "<group>"; };
/* End PBXFileReference section */

/* Begin PBXFrameworksBuildPhase section */
		32AFED5524D7DCE300D0FB55 /* Frameworks */ = {
			isa = PBXFrameworksBuildPhase;
			buildActionMask = 2147483647;
			files = (
				E8584EF54F009178E42CC5A6 /* Pods_FlutterBoostDemo_swift.framework in Frameworks */,
			);
			runOnlyForDeploymentPostprocessing = 0;
		};
		32AFED6B24D7DCE400D0FB55 /* Frameworks */ = {
			isa = PBXFrameworksBuildPhase;
			buildActionMask = 2147483647;
			files = (
				E8057AE688482FC9A56D65D3 /* Pods_FlutterBoostDemo_swiftTests.framework in Frameworks */,
			);
			runOnlyForDeploymentPostprocessing = 0;
		};
		32AFED7624D7DCE400D0FB55 /* Frameworks */ = {
			isa = PBXFrameworksBuildPhase;
			buildActionMask = 2147483647;
			files = (
				958EA70ACB9093B128ADFC33 /* Pods_FlutterBoostDemo_swift_FlutterBoostDemo_swiftUITests.framework in Frameworks */,
			);
			runOnlyForDeploymentPostprocessing = 0;
		};
/* End PBXFrameworksBuildPhase section */

/* Begin PBXGroup section */
		32AFED4F24D7DCE300D0FB55 = {
			isa = PBXGroup;
			children = (
				32AFED5A24D7DCE300D0FB55 /* FlutterBoostDemo_swift */,
				32AFED7124D7DCE400D0FB55 /* FlutterBoostDemo_swiftTests */,
				32AFED7C24D7DCE400D0FB55 /* FlutterBoostDemo_swiftUITests */,
				32AFED5924D7DCE300D0FB55 /* Products */,
				69C9E3F933B4B4CEEB2AC027 /* Pods */,
				BE2193D419673A0D2B76E345 /* Frameworks */,
			);
			sourceTree = "<group>";
		};
		32AFED5924D7DCE300D0FB55 /* Products */ = {
			isa = PBXGroup;
			children = (
				32AFED5824D7DCE300D0FB55 /* FlutterBoostDemo_swift.app */,
				32AFED6E24D7DCE400D0FB55 /* FlutterBoostDemo_swiftTests.xctest */,
				32AFED7924D7DCE400D0FB55 /* FlutterBoostDemo_swiftUITests.xctest */,
			);
			name = Products;
			sourceTree = "<group>";
		};
		32AFED5A24D7DCE300D0FB55 /* FlutterBoostDemo_swift */ = {
			isa = PBXGroup;
			children = (
				32AFED5B24D7DCE300D0FB55 /* AppDelegate.swift */,
				32AFED5D24D7DCE300D0FB55 /* SceneDelegate.swift */,
				32AFED5F24D7DCE300D0FB55 /* ViewController.swift */,
				32AFED6124D7DCE300D0FB55 /* Main.storyboard */,
				32AFED6424D7DCE400D0FB55 /* Assets.xcassets */,
				32AFED6624D7DCE400D0FB55 /* LaunchScreen.storyboard */,
				32AFED6924D7DCE400D0FB55 /* Info.plist */,
			);
			path = FlutterBoostDemo_swift;
			sourceTree = "<group>";
		};
		32AFED7124D7DCE400D0FB55 /* FlutterBoostDemo_swiftTests */ = {
			isa = PBXGroup;
			children = (
				32AFED7224D7DCE400D0FB55 /* FlutterBoostDemo_swiftTests.swift */,
				32AFED7424D7DCE400D0FB55 /* Info.plist */,
			);
			path = FlutterBoostDemo_swiftTests;
			sourceTree = "<group>";
		};
		32AFED7C24D7DCE400D0FB55 /* FlutterBoostDemo_swiftUITests */ = {
			isa = PBXGroup;
			children = (
				32AFED7D24D7DCE400D0FB55 /* FlutterBoostDemo_swiftUITests.swift */,
				32AFED7F24D7DCE400D0FB55 /* Info.plist */,
			);
			path = FlutterBoostDemo_swiftUITests;
			sourceTree = "<group>";
		};
		69C9E3F933B4B4CEEB2AC027 /* Pods */ = {
			isa = PBXGroup;
			children = (
				F51668AD45D0CA7571D778C3 /* Pods-FlutterBoostDemo_swift.debug.xcconfig */,
				83B1015CEB5C56CBA4590ABD /* Pods-FlutterBoostDemo_swift.release.xcconfig */,
				E4681B768B4E765A5FB5C692 /* Pods-FlutterBoostDemo_swift-FlutterBoostDemo_swiftUITests.debug.xcconfig */,
				5B00B1CC64613FF23D80BB90 /* Pods-FlutterBoostDemo_swift-FlutterBoostDemo_swiftUITests.release.xcconfig */,
				1016016AEAD78425362C69FF /* Pods-FlutterBoostDemo_swiftTests.debug.xcconfig */,
				A5B954A53201420EE2C039D2 /* Pods-FlutterBoostDemo_swiftTests.release.xcconfig */,
			);
			name = Pods;
			path = Pods;
			sourceTree = "<group>";
		};
		BE2193D419673A0D2B76E345 /* Frameworks */ = {
			isa = PBXGroup;
			children = (
				7DB9BBAD8E30639364A2FD96 /* Pods_FlutterBoostDemo_swift.framework */,
				C0EEC70FE99E057C54B57B40 /* Pods_FlutterBoostDemo_swift_FlutterBoostDemo_swiftUITests.framework */,
				57CD0858F6297749D43C0E8E /* Pods_FlutterBoostDemo_swiftTests.framework */,
			);
			name = Frameworks;
			sourceTree = "<group>";
		};
/* End PBXGroup section */

/* Begin PBXNativeTarget section */
		32AFED5724D7DCE300D0FB55 /* FlutterBoostDemo_swift */ = {
			isa = PBXNativeTarget;
			buildConfigurationList = 32AFED8224D7DCE400D0FB55 /* Build configuration list for PBXNativeTarget "FlutterBoostDemo_swift" */;
			buildPhases = (
				F895CE1CF78C4CFD27795149 /* [CP] Check Pods Manifest.lock */,
				971C3083E7B62A7A140E6C11 /* [CP-User] Run Flutter Build Script */,
				32AFED5424D7DCE300D0FB55 /* Sources */,
				32AFED5524D7DCE300D0FB55 /* Frameworks */,
				32AFED5624D7DCE300D0FB55 /* Resources */,
				29AA54E096441E1C44C3D260 /* [CP] Embed Pods Frameworks */,
			);
			buildRules = (
			);
			dependencies = (
			);
			name = FlutterBoostDemo_swift;
			productName = FlutterBoostDemo_swift;
			productReference = 32AFED5824D7DCE300D0FB55 /* FlutterBoostDemo_swift.app */;
			productType = "com.apple.product-type.application";
		};
		32AFED6D24D7DCE400D0FB55 /* FlutterBoostDemo_swiftTests */ = {
			isa = PBXNativeTarget;
			buildConfigurationList = 32AFED8524D7DCE400D0FB55 /* Build configuration list for PBXNativeTarget "FlutterBoostDemo_swiftTests" */;
			buildPhases = (
				2296C2D0721822B18519104C /* [CP] Check Pods Manifest.lock */,
				32AFED6A24D7DCE400D0FB55 /* Sources */,
				32AFED6B24D7DCE400D0FB55 /* Frameworks */,
				32AFED6C24D7DCE400D0FB55 /* Resources */,
			);
			buildRules = (
			);
			dependencies = (
				32AFED7024D7DCE400D0FB55 /* PBXTargetDependency */,
			);
			name = FlutterBoostDemo_swiftTests;
			productName = FlutterBoostDemo_swiftTests;
			productReference = 32AFED6E24D7DCE400D0FB55 /* FlutterBoostDemo_swiftTests.xctest */;
			productType = "com.apple.product-type.bundle.unit-test";
		};
		32AFED7824D7DCE400D0FB55 /* FlutterBoostDemo_swiftUITests */ = {
			isa = PBXNativeTarget;
			buildConfigurationList = 32AFED8824D7DCE400D0FB55 /* Build configuration list for PBXNativeTarget "FlutterBoostDemo_swiftUITests" */;
			buildPhases = (
				A1C5F7DE173CD4683D7AEEA4 /* [CP] Check Pods Manifest.lock */,
				32AFED7524D7DCE400D0FB55 /* Sources */,
				32AFED7624D7DCE400D0FB55 /* Frameworks */,
				32AFED7724D7DCE400D0FB55 /* Resources */,
				892B0CD8FC055DEC6EFE3866 /* [CP] Embed Pods Frameworks */,
			);
			buildRules = (
			);
			dependencies = (
				32AFED7B24D7DCE400D0FB55 /* PBXTargetDependency */,
			);
			name = FlutterBoostDemo_swiftUITests;
			productName = FlutterBoostDemo_swiftUITests;
			productReference = 32AFED7924D7DCE400D0FB55 /* FlutterBoostDemo_swiftUITests.xctest */;
			productType = "com.apple.product-type.bundle.ui-testing";
		};
/* End PBXNativeTarget section */

/* Begin PBXProject section */
		32AFED5024D7DCE300D0FB55 /* Project object */ = {
			isa = PBXProject;
			attributes = {
				LastSwiftUpdateCheck = 1160;
				LastUpgradeCheck = 1160;
				ORGANIZATIONNAME = ddhMacMini;
				TargetAttributes = {
					32AFED5724D7DCE300D0FB55 = {
						CreatedOnToolsVersion = 11.6;
					};
					32AFED6D24D7DCE400D0FB55 = {
						CreatedOnToolsVersion = 11.6;
						TestTargetID = 32AFED5724D7DCE300D0FB55;
					};
					32AFED7824D7DCE400D0FB55 = {
						CreatedOnToolsVersion = 11.6;
						TestTargetID = 32AFED5724D7DCE300D0FB55;
					};
				};
			};
			buildConfigurationList = 32AFED5324D7DCE300D0FB55 /* Build configuration list for PBXProject "FlutterBoostDemo_swift" */;
			compatibilityVersion = "Xcode 9.3";
			developmentRegion = en;
			hasScannedForEncodings = 0;
			knownRegions = (
				en,
				Base,
			);
			mainGroup = 32AFED4F24D7DCE300D0FB55;
			productRefGroup = 32AFED5924D7DCE300D0FB55 /* Products */;
			projectDirPath = "";
			projectRoot = "";
			targets = (
				32AFED5724D7DCE300D0FB55 /* FlutterBoostDemo_swift */,
				32AFED6D24D7DCE400D0FB55 /* FlutterBoostDemo_swiftTests */,
				32AFED7824D7DCE400D0FB55 /* FlutterBoostDemo_swiftUITests */,
			);
		};
/* End PBXProject section */

/* Begin PBXResourcesBuildPhase section */
		32AFED5624D7DCE300D0FB55 /* Resources */ = {
			isa = PBXResourcesBuildPhase;
			buildActionMask = 2147483647;
			files = (
				32AFED6824D7DCE400D0FB55 /* LaunchScreen.storyboard in Resources */,
				32AFED6524D7DCE400D0FB55 /* Assets.xcassets in Resources */,
				32AFED6324D7DCE300D0FB55 /* Main.storyboard in Resources */,
			);
			runOnlyForDeploymentPostprocessing = 0;
		};
		32AFED6C24D7DCE400D0FB55 /* Resources */ = {
			isa = PBXResourcesBuildPhase;
			buildActionMask = 2147483647;
			files = (
			);
			runOnlyForDeploymentPostprocessing = 0;
		};
		32AFED7724D7DCE400D0FB55 /* Resources */ = {
			isa = PBXResourcesBuildPhase;
			buildActionMask = 2147483647;
			files = (
			);
			runOnlyForDeploymentPostprocessing = 0;
		};
/* End PBXResourcesBuildPhase section */

/* Begin PBXShellScriptBuildPhase section */
		2296C2D0721822B18519104C /* [CP] Check Pods Manifest.lock */ = {
			isa = PBXShellScriptBuildPhase;
			buildActionMask = 2147483647;
			files = (
			);
			inputFileListPaths = (
			);
			inputPaths = (
				"${PODS_PODFILE_DIR_PATH}/Podfile.lock",
				"${PODS_ROOT}/Manifest.lock",
			);
			name = "[CP] Check Pods Manifest.lock";
			outputFileListPaths = (
			);
			outputPaths = (
				"$(DERIVED_FILE_DIR)/Pods-FlutterBoostDemo_swiftTests-checkManifestLockResult.txt",
			);
			runOnlyForDeploymentPostprocessing = 0;
			shellPath = /bin/sh;
			shellScript = "diff \"${PODS_PODFILE_DIR_PATH}/Podfile.lock\" \"${PODS_ROOT}/Manifest.lock\" > /dev/null\nif [ $? != 0 ] ; then\n    # print error to STDERR\n    echo \"error: The sandbox is not in sync with the Podfile.lock. Run 'pod install' or update your CocoaPods installation.\" >&2\n    exit 1\nfi\n# This output is used by Xcode 'outputs' to avoid re-running this script phase.\necho \"SUCCESS\" > \"${SCRIPT_OUTPUT_FILE_0}\"\n";
			showEnvVarsInLog = 0;
		};
		29AA54E096441E1C44C3D260 /* [CP] Embed Pods Frameworks */ = {
			isa = PBXShellScriptBuildPhase;
			buildActionMask = 2147483647;
			files = (
			);
			inputFileListPaths = (
				"${PODS_ROOT}/Target Support Files/Pods-FlutterBoostDemo_swift/Pods-FlutterBoostDemo_swift-frameworks-${CONFIGURATION}-input-files.xcfilelist",
			);
			name = "[CP] Embed Pods Frameworks";
			outputFileListPaths = (
				"${PODS_ROOT}/Target Support Files/Pods-FlutterBoostDemo_swift/Pods-FlutterBoostDemo_swift-frameworks-${CONFIGURATION}-output-files.xcfilelist",
			);
			runOnlyForDeploymentPostprocessing = 0;
			shellPath = /bin/sh;
			shellScript = "\"${PODS_ROOT}/Target Support Files/Pods-FlutterBoostDemo_swift/Pods-FlutterBoostDemo_swift-frameworks.sh\"\n";
			showEnvVarsInLog = 0;
		};
		892B0CD8FC055DEC6EFE3866 /* [CP] Embed Pods Frameworks */ = {
			isa = PBXShellScriptBuildPhase;
			buildActionMask = 2147483647;
			files = (
			);
			inputFileListPaths = (
				"${PODS_ROOT}/Target Support Files/Pods-FlutterBoostDemo_swift-FlutterBoostDemo_swiftUITests/Pods-FlutterBoostDemo_swift-FlutterBoostDemo_swiftUITests-frameworks-${CONFIGURATION}-input-files.xcfilelist",
			);
			name = "[CP] Embed Pods Frameworks";
			outputFileListPaths = (
				"${PODS_ROOT}/Target Support Files/Pods-FlutterBoostDemo_swift-FlutterBoostDemo_swiftUITests/Pods-FlutterBoostDemo_swift-FlutterBoostDemo_swiftUITests-frameworks-${CONFIGURATION}-output-files.xcfilelist",
			);
			runOnlyForDeploymentPostprocessing = 0;
			shellPath = /bin/sh;
			shellScript = "\"${PODS_ROOT}/Target Support Files/Pods-FlutterBoostDemo_swift-FlutterBoostDemo_swiftUITests/Pods-FlutterBoostDemo_swift-FlutterBoostDemo_swiftUITests-frameworks.sh\"\n";
			showEnvVarsInLog = 0;
		};
		971C3083E7B62A7A140E6C11 /* [CP-User] Run Flutter Build Script */ = {
			isa = PBXShellScriptBuildPhase;
			buildActionMask = 2147483647;
			files = (
			);
			inputPaths = (
				"${SRCROOT}/../flutter_module/.metadata",
				"${SRCROOT}/../flutter_module/.ios/Flutter/App.framework/App",
				"${SRCROOT}/../flutter_module/.ios/Flutter/engine/Flutter.framework/Flutter",
				"${SRCROOT}/../flutter_module/.ios/Flutter/flutter_export_environment.sh",
			);
			name = "[CP-User] Run Flutter Build Script";
			runOnlyForDeploymentPostprocessing = 0;
			shellPath = /bin/sh;
			shellScript = "set -e\nset -u\nsource \"${SRCROOT}/../flutter_module/.ios/Flutter/flutter_export_environment.sh\"\n\"$FLUTTER_ROOT\"/packages/flutter_tools/bin/xcode_backend.sh build";
		};
		A1C5F7DE173CD4683D7AEEA4 /* [CP] Check Pods Manifest.lock */ = {
			isa = PBXShellScriptBuildPhase;
			buildActionMask = 2147483647;
			files = (
			);
			inputFileListPaths = (
			);
			inputPaths = (
				"${PODS_PODFILE_DIR_PATH}/Podfile.lock",
				"${PODS_ROOT}/Manifest.lock",
			);
			name = "[CP] Check Pods Manifest.lock";
			outputFileListPaths = (
			);
			outputPaths = (
				"$(DERIVED_FILE_DIR)/Pods-FlutterBoostDemo_swift-FlutterBoostDemo_swiftUITests-checkManifestLockResult.txt",
			);
			runOnlyForDeploymentPostprocessing = 0;
			shellPath = /bin/sh;
			shellScript = "diff \"${PODS_PODFILE_DIR_PATH}/Podfile.lock\" \"${PODS_ROOT}/Manifest.lock\" > /dev/null\nif [ $? != 0 ] ; then\n    # print error to STDERR\n    echo \"error: The sandbox is not in sync with the Podfile.lock. Run 'pod install' or update your CocoaPods installation.\" >&2\n    exit 1\nfi\n# This output is used by Xcode 'outputs' to avoid re-running this script phase.\necho \"SUCCESS\" > \"${SCRIPT_OUTPUT_FILE_0}\"\n";
			showEnvVarsInLog = 0;
		};
		F895CE1CF78C4CFD27795149 /* [CP] Check Pods Manifest.lock */ = {
			isa = PBXShellScriptBuildPhase;
			buildActionMask = 2147483647;
			files = (
			);
			inputFileListPaths = (
			);
			inputPaths = (
				"${PODS_PODFILE_DIR_PATH}/Podfile.lock",
				"${PODS_ROOT}/Manifest.lock",
			);
			name = "[CP] Check Pods Manifest.lock";
			outputFileListPaths = (
			);
			outputPaths = (
				"$(DERIVED_FILE_DIR)/Pods-FlutterBoostDemo_swift-checkManifestLockResult.txt",
			);
			runOnlyForDeploymentPostprocessing = 0;
			shellPath = /bin/sh;
			shellScript = "diff \"${PODS_PODFILE_DIR_PATH}/Podfile.lock\" \"${PODS_ROOT}/Manifest.lock\" > /dev/null\nif [ $? != 0 ] ; then\n    # print error to STDERR\n    echo \"error: The sandbox is not in sync with the Podfile.lock. Run 'pod install' or update your CocoaPods installation.\" >&2\n    exit 1\nfi\n# This output is used by Xcode 'outputs' to avoid re-running this script phase.\necho \"SUCCESS\" > \"${SCRIPT_OUTPUT_FILE_0}\"\n";
			showEnvVarsInLog = 0;
		};
/* End PBXShellScriptBuildPhase section */

/* Begin PBXSourcesBuildPhase section */
		32AFED5424D7DCE300D0FB55 /* Sources */ = {
			isa = PBXSourcesBuildPhase;
			buildActionMask = 2147483647;
			files = (
				32AFED6024D7DCE300D0FB55 /* ViewController.swift in Sources */,
				32AFED5C24D7DCE300D0FB55 /* AppDelegate.swift in Sources */,
				32AFED5E24D7DCE300D0FB55 /* SceneDelegate.swift in Sources */,
			);
			runOnlyForDeploymentPostprocessing = 0;
		};
		32AFED6A24D7DCE400D0FB55 /* Sources */ = {
			isa = PBXSourcesBuildPhase;
			buildActionMask = 2147483647;
			files = (
				32AFED7324D7DCE400D0FB55 /* FlutterBoostDemo_swiftTests.swift in Sources */,
			);
			runOnlyForDeploymentPostprocessing = 0;
		};
		32AFED7524D7DCE400D0FB55 /* Sources */ = {
			isa = PBXSourcesBuildPhase;
			buildActionMask = 2147483647;
			files = (
				32AFED7E24D7DCE400D0FB55 /* FlutterBoostDemo_swiftUITests.swift in Sources */,
			);
			runOnlyForDeploymentPostprocessing = 0;
		};
/* End PBXSourcesBuildPhase section */

/* Begin PBXTargetDependency section */
		32AFED7024D7DCE400D0FB55 /* PBXTargetDependency */ = {
			isa = PBXTargetDependency;
			target = 32AFED5724D7DCE300D0FB55 /* FlutterBoostDemo_swift */;
			targetProxy = 32AFED6F24D7DCE400D0FB55 /* PBXContainerItemProxy */;
		};
		32AFED7B24D7DCE400D0FB55 /* PBXTargetDependency */ = {
			isa = PBXTargetDependency;
			target = 32AFED5724D7DCE300D0FB55 /* FlutterBoostDemo_swift */;
			targetProxy = 32AFED7A24D7DCE400D0FB55 /* PBXContainerItemProxy */;
		};
/* End PBXTargetDependency section */

/* Begin PBXVariantGroup section */
		32AFED6124D7DCE300D0FB55 /* Main.storyboard */ = {
			isa = PBXVariantGroup;
			children = (
				32AFED6224D7DCE300D0FB55 /* Base */,
			);
			name = Main.storyboard;
			sourceTree = "<group>";
		};
		32AFED6624D7DCE400D0FB55 /* LaunchScreen.storyboard */ = {
			isa = PBXVariantGroup;
			children = (
				32AFED6724D7DCE400D0FB55 /* Base */,
			);
			name = LaunchScreen.storyboard;
			sourceTree = "<group>";
		};
/* End PBXVariantGroup section */

/* Begin XCBuildConfiguration section */
		32AFED8024D7DCE400D0FB55 /* Debug */ = {
			isa = XCBuildConfiguration;
			buildSettings = {
				ALWAYS_SEARCH_USER_PATHS = NO;
				CLANG_ANALYZER_NONNULL = YES;
				CLANG_ANALYZER_NUMBER_OBJECT_CONVERSION = YES_AGGRESSIVE;
				CLANG_CXX_LANGUAGE_STANDARD = "gnu++14";
				CLANG_CXX_LIBRARY = "libc++";
				CLANG_ENABLE_MODULES = YES;
				CLANG_ENABLE_OBJC_ARC = YES;
				CLANG_ENABLE_OBJC_WEAK = YES;
				CLANG_WARN_BLOCK_CAPTURE_AUTORELEASING = YES;
				CLANG_WARN_BOOL_CONVERSION = YES;
				CLANG_WARN_COMMA = YES;
				CLANG_WARN_CONSTANT_CONVERSION = YES;
				CLANG_WARN_DEPRECATED_OBJC_IMPLEMENTATIONS = YES;
				CLANG_WARN_DIRECT_OBJC_ISA_USAGE = YES_ERROR;
				CLANG_WARN_DOCUMENTATION_COMMENTS = YES;
				CLANG_WARN_EMPTY_BODY = YES;
				CLANG_WARN_ENUM_CONVERSION = YES;
				CLANG_WARN_INFINITE_RECURSION = YES;
				CLANG_WARN_INT_CONVERSION = YES;
				CLANG_WARN_NON_LITERAL_NULL_CONVERSION = YES;
				CLANG_WARN_OBJC_IMPLICIT_RETAIN_SELF = YES;
				CLANG_WARN_OBJC_LITERAL_CONVERSION = YES;
				CLANG_WARN_OBJC_ROOT_CLASS = YES_ERROR;
				CLANG_WARN_RANGE_LOOP_ANALYSIS = YES;
				CLANG_WARN_STRICT_PROTOTYPES = YES;
				CLANG_WARN_SUSPICIOUS_MOVE = YES;
				CLANG_WARN_UNGUARDED_AVAILABILITY = YES_AGGRESSIVE;
				CLANG_WARN_UNREACHABLE_CODE = YES;
				CLANG_WARN__DUPLICATE_METHOD_MATCH = YES;
				COPY_PHASE_STRIP = NO;
				DEBUG_INFORMATION_FORMAT = dwarf;
				ENABLE_STRICT_OBJC_MSGSEND = YES;
				ENABLE_TESTABILITY = YES;
				GCC_C_LANGUAGE_STANDARD = gnu11;
				GCC_DYNAMIC_NO_PIC = NO;
				GCC_NO_COMMON_BLOCKS = YES;
				GCC_OPTIMIZATION_LEVEL = 0;
				GCC_PREPROCESSOR_DEFINITIONS = (
					"DEBUG=1",
					"$(inherited)",
				);
				GCC_WARN_64_TO_32_BIT_CONVERSION = YES;
				GCC_WARN_ABOUT_RETURN_TYPE = YES_ERROR;
				GCC_WARN_UNDECLARED_SELECTOR = YES;
				GCC_WARN_UNINITIALIZED_AUTOS = YES_AGGRESSIVE;
				GCC_WARN_UNUSED_FUNCTION = YES;
				GCC_WARN_UNUSED_VARIABLE = YES;
				IPHONEOS_DEPLOYMENT_TARGET = 13.6;
				MTL_ENABLE_DEBUG_INFO = INCLUDE_SOURCE;
				MTL_FAST_MATH = YES;
				ONLY_ACTIVE_ARCH = YES;
				SDKROOT = iphoneos;
				SWIFT_ACTIVE_COMPILATION_CONDITIONS = DEBUG;
				SWIFT_OPTIMIZATION_LEVEL = "-Onone";
			};
			name = Debug;
		};
		32AFED8124D7DCE400D0FB55 /* Release */ = {
			isa = XCBuildConfiguration;
			buildSettings = {
				ALWAYS_SEARCH_USER_PATHS = NO;
				CLANG_ANALYZER_NONNULL = YES;
				CLANG_ANALYZER_NUMBER_OBJECT_CONVERSION = YES_AGGRESSIVE;
				CLANG_CXX_LANGUAGE_STANDARD = "gnu++14";
				CLANG_CXX_LIBRARY = "libc++";
				CLANG_ENABLE_MODULES = YES;
				CLANG_ENABLE_OBJC_ARC = YES;
				CLANG_ENABLE_OBJC_WEAK = YES;
				CLANG_WARN_BLOCK_CAPTURE_AUTORELEASING = YES;
				CLANG_WARN_BOOL_CONVERSION = YES;
				CLANG_WARN_COMMA = YES;
				CLANG_WARN_CONSTANT_CONVERSION = YES;
				CLANG_WARN_DEPRECATED_OBJC_IMPLEMENTATIONS = YES;
				CLANG_WARN_DIRECT_OBJC_ISA_USAGE = YES_ERROR;
				CLANG_WARN_DOCUMENTATION_COMMENTS = YES;
				CLANG_WARN_EMPTY_BODY = YES;
				CLANG_WARN_ENUM_CONVERSION = YES;
				CLANG_WARN_INFINITE_RECURSION = YES;
				CLANG_WARN_INT_CONVERSION = YES;
				CLANG_WARN_NON_LITERAL_NULL_CONVERSION = YES;
				CLANG_WARN_OBJC_IMPLICIT_RETAIN_SELF = YES;
				CLANG_WARN_OBJC_LITERAL_CONVERSION = YES;
				CLANG_WARN_OBJC_ROOT_CLASS = YES_ERROR;
				CLANG_WARN_RANGE_LOOP_ANALYSIS = YES;
				CLANG_WARN_STRICT_PROTOTYPES = YES;
				CLANG_WARN_SUSPICIOUS_MOVE = YES;
				CLANG_WARN_UNGUARDED_AVAILABILITY = YES_AGGRESSIVE;
				CLANG_WARN_UNREACHABLE_CODE = YES;
				CLANG_WARN__DUPLICATE_METHOD_MATCH = YES;
				COPY_PHASE_STRIP = NO;
				DEBUG_INFORMATION_FORMAT = "dwarf-with-dsym";
				ENABLE_NS_ASSERTIONS = NO;
				ENABLE_STRICT_OBJC_MSGSEND = YES;
				GCC_C_LANGUAGE_STANDARD = gnu11;
				GCC_NO_COMMON_BLOCKS = YES;
				GCC_WARN_64_TO_32_BIT_CONVERSION = YES;
				GCC_WARN_ABOUT_RETURN_TYPE = YES_ERROR;
				GCC_WARN_UNDECLARED_SELECTOR = YES;
				GCC_WARN_UNINITIALIZED_AUTOS = YES_AGGRESSIVE;
				GCC_WARN_UNUSED_FUNCTION = YES;
				GCC_WARN_UNUSED_VARIABLE = YES;
				IPHONEOS_DEPLOYMENT_TARGET = 13.6;
				MTL_ENABLE_DEBUG_INFO = NO;
				MTL_FAST_MATH = YES;
				SDKROOT = iphoneos;
				SWIFT_COMPILATION_MODE = wholemodule;
				SWIFT_OPTIMIZATION_LEVEL = "-O";
				VALIDATE_PRODUCT = YES;
			};
			name = Release;
		};
		32AFED8324D7DCE400D0FB55 /* Debug */ = {
			isa = XCBuildConfiguration;
			baseConfigurationReference = F51668AD45D0CA7571D778C3 /* Pods-FlutterBoostDemo_swift.debug.xcconfig */;
			buildSettings = {
				ASSETCATALOG_COMPILER_APPICON_NAME = AppIcon;
				CODE_SIGN_STYLE = Automatic;
				INFOPLIST_FILE = FlutterBoostDemo_swift/Info.plist;
				LD_RUNPATH_SEARCH_PATHS = (
					"$(inherited)",
					"@executable_path/Frameworks",
				);
				PRODUCT_BUNDLE_IDENTIFIER = "WX.FlutterBoostDemo-swift";
				PRODUCT_NAME = "$(TARGET_NAME)";
				SWIFT_VERSION = 5.0;
				TARGETED_DEVICE_FAMILY = "1,2";
			};
			name = Debug;
		};
		32AFED8424D7DCE400D0FB55 /* Release */ = {
			isa = XCBuildConfiguration;
			baseConfigurationReference = 83B1015CEB5C56CBA4590ABD /* Pods-FlutterBoostDemo_swift.release.xcconfig */;
			buildSettings = {
				ASSETCATALOG_COMPILER_APPICON_NAME = AppIcon;
				CODE_SIGN_STYLE = Automatic;
				INFOPLIST_FILE = FlutterBoostDemo_swift/Info.plist;
				LD_RUNPATH_SEARCH_PATHS = (
					"$(inherited)",
					"@executable_path/Frameworks",
				);
				PRODUCT_BUNDLE_IDENTIFIER = "WX.FlutterBoostDemo-swift";
				PRODUCT_NAME = "$(TARGET_NAME)";
				SWIFT_VERSION = 5.0;
				TARGETED_DEVICE_FAMILY = "1,2";
			};
			name = Release;
		};
		32AFED8624D7DCE400D0FB55 /* Debug */ = {
			isa = XCBuildConfiguration;
			baseConfigurationReference = 1016016AEAD78425362C69FF /* Pods-FlutterBoostDemo_swiftTests.debug.xcconfig */;
			buildSettings = {
				ALWAYS_EMBED_SWIFT_STANDARD_LIBRARIES = YES;
				BUNDLE_LOADER = "$(TEST_HOST)";
				CODE_SIGN_STYLE = Automatic;
				INFOPLIST_FILE = FlutterBoostDemo_swiftTests/Info.plist;
				IPHONEOS_DEPLOYMENT_TARGET = 13.6;
				LD_RUNPATH_SEARCH_PATHS = (
					"$(inherited)",
					"@executable_path/Frameworks",
					"@loader_path/Frameworks",
				);
				PRODUCT_BUNDLE_IDENTIFIER = "WX.FlutterBoostDemo-swiftTests";
				PRODUCT_NAME = "$(TARGET_NAME)";
				SWIFT_VERSION = 5.0;
				TARGETED_DEVICE_FAMILY = "1,2";
				TEST_HOST = "$(BUILT_PRODUCTS_DIR)/FlutterBoostDemo_swift.app/FlutterBoostDemo_swift";
			};
			name = Debug;
		};
		32AFED8724D7DCE400D0FB55 /* Release */ = {
			isa = XCBuildConfiguration;
			baseConfigurationReference = A5B954A53201420EE2C039D2 /* Pods-FlutterBoostDemo_swiftTests.release.xcconfig */;
			buildSettings = {
				ALWAYS_EMBED_SWIFT_STANDARD_LIBRARIES = YES;
				BUNDLE_LOADER = "$(TEST_HOST)";
				CODE_SIGN_STYLE = Automatic;
				INFOPLIST_FILE = FlutterBoostDemo_swiftTests/Info.plist;
				IPHONEOS_DEPLOYMENT_TARGET = 13.6;
				LD_RUNPATH_SEARCH_PATHS = (
					"$(inherited)",
					"@executable_path/Frameworks",
					"@loader_path/Frameworks",
				);
				PRODUCT_BUNDLE_IDENTIFIER = "WX.FlutterBoostDemo-swiftTests";
				PRODUCT_NAME = "$(TARGET_NAME)";
				SWIFT_VERSION = 5.0;
				TARGETED_DEVICE_FAMILY = "1,2";
				TEST_HOST = "$(BUILT_PRODUCTS_DIR)/FlutterBoostDemo_swift.app/FlutterBoostDemo_swift";
			};
			name = Release;
		};
		32AFED8924D7DCE400D0FB55 /* Debug */ = {
			isa = XCBuildConfiguration;
			baseConfigurationReference = E4681B768B4E765A5FB5C692 /* Pods-FlutterBoostDemo_swift-FlutterBoostDemo_swiftUITests.debug.xcconfig */;
			buildSettings = {
				ALWAYS_EMBED_SWIFT_STANDARD_LIBRARIES = YES;
				CODE_SIGN_STYLE = Automatic;
				INFOPLIST_FILE = FlutterBoostDemo_swiftUITests/Info.plist;
				LD_RUNPATH_SEARCH_PATHS = (
					"$(inherited)",
					"@executable_path/Frameworks",
					"@loader_path/Frameworks",
				);
				PRODUCT_BUNDLE_IDENTIFIER = "WX.FlutterBoostDemo-swiftUITests";
				PRODUCT_NAME = "$(TARGET_NAME)";
				SWIFT_VERSION = 5.0;
				TARGETED_DEVICE_FAMILY = "1,2";
				TEST_TARGET_NAME = FlutterBoostDemo_swift;
			};
			name = Debug;
		};
		32AFED8A24D7DCE400D0FB55 /* Release */ = {
			isa = XCBuildConfiguration;
			baseConfigurationReference = 5B00B1CC64613FF23D80BB90 /* Pods-FlutterBoostDemo_swift-FlutterBoostDemo_swiftUITests.release.xcconfig */;
			buildSettings = {
				ALWAYS_EMBED_SWIFT_STANDARD_LIBRARIES = YES;
				CODE_SIGN_STYLE = Automatic;
				INFOPLIST_FILE = FlutterBoostDemo_swiftUITests/Info.plist;
				LD_RUNPATH_SEARCH_PATHS = (
					"$(inherited)",
					"@executable_path/Frameworks",
					"@loader_path/Frameworks",
				);
				PRODUCT_BUNDLE_IDENTIFIER = "WX.FlutterBoostDemo-swiftUITests";
				PRODUCT_NAME = "$(TARGET_NAME)";
				SWIFT_VERSION = 5.0;
				TARGETED_DEVICE_FAMILY = "1,2";
				TEST_TARGET_NAME = FlutterBoostDemo_swift;
			};
			name = Release;
		};
/* End XCBuildConfiguration section */

/* Begin XCConfigurationList section */
		32AFED5324D7DCE300D0FB55 /* Build configuration list for PBXProject "FlutterBoostDemo_swift" */ = {
			isa = XCConfigurationList;
			buildConfigurations = (
				32AFED8024D7DCE400D0FB55 /* Debug */,
				32AFED8124D7DCE400D0FB55 /* Release */,
			);
			defaultConfigurationIsVisible = 0;
			defaultConfigurationName = Release;
		};
		32AFED8224D7DCE400D0FB55 /* Build configuration list for PBXNativeTarget "FlutterBoostDemo_swift" */ = {
			isa = XCConfigurationList;
			buildConfigurations = (
				32AFED8324D7DCE400D0FB55 /* Debug */,
				32AFED8424D7DCE400D0FB55 /* Release */,
			);
			defaultConfigurationIsVisible = 0;
			defaultConfigurationName = Release;
		};
		32AFED8524D7DCE400D0FB55 /* Build configuration list for PBXNativeTarget "FlutterBoostDemo_swiftTests" */ = {
			isa = XCConfigurationList;
			buildConfigurations = (
				32AFED8624D7DCE400D0FB55 /* Debug */,
				32AFED8724D7DCE400D0FB55 /* Release */,
			);
			defaultConfigurationIsVisible = 0;
			defaultConfigurationName = Release;
		};
		32AFED8824D7DCE400D0FB55 /* Build configuration list for PBXNativeTarget "FlutterBoostDemo_swiftUITests" */ = {
			isa = XCConfigurationList;
			buildConfigurations = (
				32AFED8924D7DCE400D0FB55 /* Debug */,
				32AFED8A24D7DCE400D0FB55 /* Release */,
			);
			defaultConfigurationIsVisible = 0;
			defaultConfigurationName = Release;
		};
/* End XCConfigurationList section */
	};
	rootObject = 32AFED5024D7DCE300D0FB55 /* Project object */;
}
